
Microsoft Visual Studio Solution File, Format Version 12.00
# Visual Studio 15
Project("{FAE04EC0-301F-11D3-BF4B-00C04F79EFBC}") = "Assembly-CSharp-firstpass", "Assembly-CSharp-firstpass.csproj", "{F792F23A-0FD6-4273-B036-F6E25267007E}"
EndProject
Project("{FAE04EC0-301F-11D3-BF4B-00C04F79EFBC}") = "Assembly-CSharp", "Assembly-CSharp.csproj", "{74D63601-1259-F19E-9CD8-39674034EED1}"
EndProject
Global
	GlobalSection(SolutionConfigurationPlatforms) = preSolution
		Debug|Any CPU = Debug|Any CPU
		Release|Any CPU = Release|Any CPU
	EndGlobalSection
	GlobalSection(ProjectConfigurationPlatforms) = postSolution
		{F792F23A-0FD6-4273-B036-F6E25267007E}.Debug|Any CPU.ActiveCfg = Debug|Any CPU
		{F792F23A-0FD6-4273-B036-F6E25267007E}.Debug|Any CPU.Build.0 = Debug|Any CPU
		{F792F23A-0FD6-4273-B036-F6E25267007E}.Release|Any CPU.ActiveCfg = Release|Any CPU
		{F792F23A-0FD6-4273-B036-F6E25267007E}.Release|Any CPU.Build.0 = Release|Any CPU
		{74D63601-1259-F19E-9CD8-39674034EED1}.Debug|Any CPU.ActiveCfg = Debug|Any CPU
		{74D63601-1259-F19E-9CD8-39674034EED1}.Debug|Any CPU.Build.0 = Debug|Any CPU
		{74D63601-1259-F19E-9CD8-39674034EED1}.Release|Any CPU.ActiveCfg = Release|Any CPU
		{74D63601-1259-F19E-9CD8-39674034EED1}.Release|Any CPU.Build.0 = Release|Any CPU
	EndGlobalSection
	GlobalSection(SolutionProperties) = preSolution
		HideSolutionNode = FALSE
	EndGlobalSection
EndGlobal
